
Microsoft Visual Studio Solution File, Format Version 12.00
# Visual Studio Version 16
VisualStudioVersion = 16.0.29721.120
MinimumVisualStudioVersion = 10.0.40219.1
Project("{FAE04EC0-301F-11D3-BF4B-00C04F79EFBC}") = "CustomerResturant", "CustomerResturant\CustomerResturant.csproj", "{EE9C25CC-4E37-48AD-A77B-BA74927DDC0F}"
EndProject
Global
	GlobalSection(SolutionConfigurationPlatforms) = preSolution
		Debug|Any CPU = Debug|Any CPU
		Release|Any CPU = Release|Any CPU
	EndGlobalSection
	GlobalSection(ProjectConfigurationPlatforms) = postSolution
		{EE9C25CC-4E37-48AD-A77B-BA74927DDC0F}.Debug|Any CPU.ActiveCfg = Debug|Any CPU
		{EE9C25CC-4E37-48AD-A77B-BA74927DDC0F}.Debug|Any CPU.Build.0 = Debug|Any CPU
		{EE9C25CC-4E37-48AD-A77B-BA74927DDC0F}.Release|Any CPU.ActiveCfg = Release|Any CPU
		{EE9C25CC-4E37-48AD-A77B-BA74927DDC0F}.Release|Any CPU.Build.0 = Release|Any CPU
	EndGlobalSection
	GlobalSection(SolutionProperties) = preSolution
		HideSolutionNode = FALSE
	EndGlobalSection
	GlobalSection(ExtensibilityGlobals) = postSolution
		SolutionGuid = {58AEA257-0804-453B-942F-51FF3AA35556}
	EndGlobalSection
EndGlobal
